
Microsoft Visual Studio Solution File, Format Version 12.00
Project("{FAE04EC0-301F-11D3-BF4B-00C04F79EFBC}") = "TodoApp", "TodoApp.csproj", "{B5E2C7A4-7B43-4415-BBEC-0D0971EF07AD}"
EndProject
Project("{2150E333-8FDC-42A3-9474-1A3956D46DE8}") = "Tests", "Tests", "{A8FE4A39-00FA-4A2A-9A5D-170471375580}"
EndProject
Project("{FAE04EC0-301F-11D3-BF4B-00C04F79EFBC}") = "TodoApp.Test", "TodoApp.Test\TodoApp.Test.csproj", "{C6DB1364-9547-4637-B7B1-409B4368969F}"
EndProject
Global
	GlobalSection(SolutionConfigurationPlatforms) = preSolution
		Debug|Any CPU = Debug|Any CPU
		Release|Any CPU = Release|Any CPU
	EndGlobalSection
	GlobalSection(ProjectConfigurationPlatforms) = postSolution
		{B5E2C7A4-7B43-4415-BBEC-0D0971EF07AD}.Debug|Any CPU.ActiveCfg = Debug|Any CPU
		{B5E2C7A4-7B43-4415-BBEC-0D0971EF07AD}.Debug|Any CPU.Build.0 = Debug|Any CPU
		{B5E2C7A4-7B43-4415-BBEC-0D0971EF07AD}.Release|Any CPU.ActiveCfg = Release|Any CPU
		{B5E2C7A4-7B43-4415-BBEC-0D0971EF07AD}.Release|Any CPU.Build.0 = Release|Any CPU
		{C6DB1364-9547-4637-B7B1-409B4368969F}.Debug|Any CPU.ActiveCfg = Debug|Any CPU
		{C6DB1364-9547-4637-B7B1-409B4368969F}.Debug|Any CPU.Build.0 = Debug|Any CPU
		{C6DB1364-9547-4637-B7B1-409B4368969F}.Release|Any CPU.ActiveCfg = Release|Any CPU
		{C6DB1364-9547-4637-B7B1-409B4368969F}.Release|Any CPU.Build.0 = Release|Any CPU
	EndGlobalSection
	GlobalSection(NestedProjects) = preSolution
		{C6DB1364-9547-4637-B7B1-409B4368969F} = {A8FE4A39-00FA-4A2A-9A5D-170471375580}
	EndGlobalSection
EndGlobal
